PODS:
  - CDDevUtility (0.1.0)
  - CDLabel (0.0.14)
  - GDPerformanceView (1.3.1)

DEPENDENCIES:
  - CDDevUtility
  - CDLabel (from `../`)
  - GDPerformanceView (~> 1.3.1)

SPEC REPOS:
  https://github.com/cocoapods/specs.git:
    - CDDevUtility
    - GDPerformanceView

EXTERNAL SOURCES:
  CDLabel:
    :path: "../"

SPEC CHECKSUMS:
  CDDevUtility: c30f7416f751a0148c2f6a6697baf53f599b1f50
  CDLabel: b7b00b6a3209855b73e84f9b12888216d0d94802
  GDPerformanceView: d70d646bf7022a3dfd64222e4966f403bfffef19

PODFILE CHECKSUM: 037bebf8b92516cdf94a5d52c2ee3ab0b03c30dd

COCOAPODS: 1.5.3
